
Microsoft Visual Studio Solution File, Format Version 12.00
# Visual Studio Version 17
VisualStudioVersion = 17.5.002.0
MinimumVisualStudioVersion = 10.0.40219.1
Project("{9A19103F-16F7-4668-BE54-9A1E7A4F7556}") = "OrbAPI", "orb-api\OrbAPI.csproj", "{A6F667F5-6EE6-4A5F-84AD-CF99F8833B23}"
EndProject
Project("{FAE04EC0-301F-11D3-BF4B-00C04F79EFBC}") = "OrbDataModels", "OrbDataModels\OrbDataModels.csproj", "{0FA03719-86AE-4EE7-B83E-C404CFBD8FBF}"
EndProject
Project("{FAE04EC0-301F-11D3-BF4B-00C04F79EFBC}") = "OrbTest", "OrbTest\OrbTest.csproj", "{D97427A6-04BC-490F-8AC0-A830356FE010}"
EndProject
Global
	GlobalSection(SolutionConfigurationPlatforms) = preSolution
		Debug|Any CPU = Debug|Any CPU
		Release|Any CPU = Release|Any CPU
	EndGlobalSection
	GlobalSection(ProjectConfigurationPlatforms) = postSolution
		{A6F667F5-6EE6-4A5F-84AD-CF99F8833B23}.Debug|Any CPU.ActiveCfg = Debug|Any CPU
		{A6F667F5-6EE6-4A5F-84AD-CF99F8833B23}.Debug|Any CPU.Build.0 = Debug|Any CPU
		{A6F667F5-6EE6-4A5F-84AD-CF99F8833B23}.Release|Any CPU.ActiveCfg = Release|Any CPU
		{A6F667F5-6EE6-4A5F-84AD-CF99F8833B23}.Release|Any CPU.Build.0 = Release|Any CPU
		{0FA03719-86AE-4EE7-B83E-C404CFBD8FBF}.Debug|Any CPU.ActiveCfg = Debug|Any CPU
		{0FA03719-86AE-4EE7-B83E-C404CFBD8FBF}.Debug|Any CPU.Build.0 = Debug|Any CPU
		{0FA03719-86AE-4EE7-B83E-C404CFBD8FBF}.Release|Any CPU.ActiveCfg = Release|Any CPU
		{0FA03719-86AE-4EE7-B83E-C404CFBD8FBF}.Release|Any CPU.Build.0 = Release|Any CPU
		{D97427A6-04BC-490F-8AC0-A830356FE010}.Debug|Any CPU.ActiveCfg = Debug|Any CPU
		{D97427A6-04BC-490F-8AC0-A830356FE010}.Debug|Any CPU.Build.0 = Debug|Any CPU
		{D97427A6-04BC-490F-8AC0-A830356FE010}.Release|Any CPU.ActiveCfg = Release|Any CPU
		{D97427A6-04BC-490F-8AC0-A830356FE010}.Release|Any CPU.Build.0 = Release|Any CPU
	EndGlobalSection
	GlobalSection(SolutionProperties) = preSolution
		HideSolutionNode = FALSE
	EndGlobalSection
	GlobalSection(ExtensibilityGlobals) = postSolution
		SolutionGuid = {C123B6BC-4652-46EB-BDC6-CB23CFB1C849}
	EndGlobalSection
EndGlobal
